
Microsoft Visual Studio Solution File, Format Version 12.00
# Visual Studio Version 16
VisualStudioVersion = 16.0.30804.86
MinimumVisualStudioVersion = 10.0.40219.1
Project("{FAE04EC0-301F-11D3-BF4B-00C04F79EFBC}") = "CodeAdmin", "CodeAdmin\CodeAdmin.csproj", "{A3676A1F-7B74-49FB-B50C-C14B8EAD1983}"
EndProject
Global
	GlobalSection(SolutionConfigurationPlatforms) = preSolution
		Debug|Any CPU = Debug|Any CPU
		Release|Any CPU = Release|Any CPU
	EndGlobalSection
	GlobalSection(ProjectConfigurationPlatforms) = postSolution
		{A3676A1F-7B74-49FB-B50C-C14B8EAD1983}.Debug|Any CPU.ActiveCfg = Debug|Any CPU
		{A3676A1F-7B74-49FB-B50C-C14B8EAD1983}.Debug|Any CPU.Build.0 = Debug|Any CPU
		{A3676A1F-7B74-49FB-B50C-C14B8EAD1983}.Release|Any CPU.ActiveCfg = Release|Any CPU
		{A3676A1F-7B74-49FB-B50C-C14B8EAD1983}.Release|Any CPU.Build.0 = Release|Any CPU
	EndGlobalSection
	GlobalSection(SolutionProperties) = preSolution
		HideSolutionNode = FALSE
	EndGlobalSection
	GlobalSection(ExtensibilityGlobals) = postSolution
		SolutionGuid = {2A034D50-4514-4D3A-A468-24CEA6DF5F34}
	EndGlobalSection
EndGlobal
